
Microsoft Visual Studio Solution File, Format Version 12.00
# Visual Studio Version 16
VisualStudioVersion = 16.0.30204.135
MinimumVisualStudioVersion = 10.0.40219.1
Project("{9A19103F-16F7-4668-BE54-9A1E7A4F7556}") = "NG_Core_Auth", "NG_Core_Auth.csproj", "{730F8D1E-11B3-4855-A674-20F6BF2DFE41}"
EndProject
Global
	GlobalSection(SolutionConfigurationPlatforms) = preSolution
		Debug|Any CPU = Debug|Any CPU
		Release|Any CPU = Release|Any CPU
	EndGlobalSection
	GlobalSection(ProjectConfigurationPlatforms) = postSolution
		{730F8D1E-11B3-4855-A674-20F6BF2DFE41}.Debug|Any CPU.ActiveCfg = Debug|Any CPU
		{730F8D1E-11B3-4855-A674-20F6BF2DFE41}.Debug|Any CPU.Build.0 = Debug|Any CPU
		{730F8D1E-11B3-4855-A674-20F6BF2DFE41}.Release|Any CPU.ActiveCfg = Release|Any CPU
		{730F8D1E-11B3-4855-A674-20F6BF2DFE41}.Release|Any CPU.Build.0 = Release|Any CPU
	EndGlobalSection
	GlobalSection(SolutionProperties) = preSolution
		HideSolutionNode = FALSE
	EndGlobalSection
	GlobalSection(ExtensibilityGlobals) = postSolution
		SolutionGuid = {5646EEAC-FFB8-4AF8-9812-0A2A531793B9}
	EndGlobalSection
EndGlobal
